
Microsoft Visual Studio Solution File, Format Version 11.00
# Visual Studio 2010
Project("{FAE04EC0-301F-11D3-BF4B-00C04F79EFBC}") = "myGalleryASP", "myGalleryASP\myGalleryASP.csproj", "{BF8C0BF1-F9C1-4A26-BF4C-F4CBFC94517E}"
EndProject
Project("{FAE04EC0-301F-11D3-BF4B-00C04F79EFBC}") = "HostingGrafikiMVC", "HostingGrafikiMVC\HostingGrafikiMVC.csproj", "{2B725653-E91C-428B-886F-BF08B6C90C8D}"
EndProject
Global
	GlobalSection(SolutionConfigurationPlatforms) = preSolution
		Debug|Any CPU = Debug|Any CPU
		Release|Any CPU = Release|Any CPU
	EndGlobalSection
	GlobalSection(ProjectConfigurationPlatforms) = postSolution
		{BF8C0BF1-F9C1-4A26-BF4C-F4CBFC94517E}.Debug|Any CPU.ActiveCfg = Debug|Any CPU
		{BF8C0BF1-F9C1-4A26-BF4C-F4CBFC94517E}.Debug|Any CPU.Build.0 = Debug|Any CPU
		{BF8C0BF1-F9C1-4A26-BF4C-F4CBFC94517E}.Release|Any CPU.ActiveCfg = Release|Any CPU
		{BF8C0BF1-F9C1-4A26-BF4C-F4CBFC94517E}.Release|Any CPU.Build.0 = Release|Any CPU
		{2B725653-E91C-428B-886F-BF08B6C90C8D}.Debug|Any CPU.ActiveCfg = Debug|Any CPU
		{2B725653-E91C-428B-886F-BF08B6C90C8D}.Debug|Any CPU.Build.0 = Debug|Any CPU
		{2B725653-E91C-428B-886F-BF08B6C90C8D}.Release|Any CPU.ActiveCfg = Release|Any CPU
		{2B725653-E91C-428B-886F-BF08B6C90C8D}.Release|Any CPU.Build.0 = Release|Any CPU
	EndGlobalSection
	GlobalSection(SolutionProperties) = preSolution
		HideSolutionNode = FALSE
	EndGlobalSection
EndGlobal
